
Microsoft Visual Studio Solution File, Format Version 12.00
# Visual Studio Version 17
VisualStudioVersion = 17.14.36518.9 d17.14
MinimumVisualStudioVersion = 10.0.40219.1
Project("{FAE04EC0-301F-11D3-BF4B-00C04F79EFBC}") = "MiAgendaUTN", "MiAgendaUTN\MiAgendaUTN.csproj", "{42C6F33D-1E82-41B0-BD4F-7F44F33D1536}"
EndProject
Global
	GlobalSection(SolutionConfigurationPlatforms) = preSolution
		Debug|Any CPU = Debug|Any CPU
		Release|Any CPU = Release|Any CPU
	EndGlobalSection
	GlobalSection(ProjectConfigurationPlatforms) = postSolution
		{42C6F33D-1E82-41B0-BD4F-7F44F33D1536}.Debug|Any CPU.ActiveCfg = Debug|Any CPU
		{42C6F33D-1E82-41B0-BD4F-7F44F33D1536}.Debug|Any CPU.Build.0 = Debug|Any CPU
		{42C6F33D-1E82-41B0-BD4F-7F44F33D1536}.Release|Any CPU.ActiveCfg = Release|Any CPU
		{42C6F33D-1E82-41B0-BD4F-7F44F33D1536}.Release|Any CPU.Build.0 = Release|Any CPU
	EndGlobalSection
	GlobalSection(SolutionProperties) = preSolution
		HideSolutionNode = FALSE
	EndGlobalSection
	GlobalSection(ExtensibilityGlobals) = postSolution
		SolutionGuid = {74200541-BC9D-4C90-B5D8-0FD4601DA825}
	EndGlobalSection
EndGlobal
